
Microsoft Visual Studio Solution File, Format Version 12.00
# Visual Studio Version 17
VisualStudioVersion = 17.5.002.0
MinimumVisualStudioVersion = 10.0.40219.1
Project("{9A19103F-16F7-4668-BE54-9A1E7A4F7556}") = "App", "App\App.csproj", "{DD096D49-3C66-4955-9377-A0DFC5792836}"
EndProject
Project("{9A19103F-16F7-4668-BE54-9A1E7A4F7556}") = "UnitTests", "UnitTests\UnitTests.csproj", "{C69EC191-5733-4A27-9A45-677BF9D4AA5A}"
EndProject
Project("{9A19103F-16F7-4668-BE54-9A1E7A4F7556}") = "IntegrationTests", "IntegrationTests\IntegrationTests.csproj", "{B1C371B7-1D00-4237-999B-E6C14492C2FB}"
EndProject
Project("{2150E333-8FDC-42A3-9474-1A3956D46DE8}") = "Itens de Solução", "Itens de Solução", "{F19890AC-EF9C-46AC-8D82-D4AA6BF6601C}"
	ProjectSection(SolutionItems) = preProject
		.editorconfig = .editorconfig
		.gitignore = .gitignore
		azure-pipelines.yml = azure-pipelines.yml
		docker-compose-tests.yaml = docker-compose-tests.yaml
		Dockerfile.tests = Dockerfile.tests
	EndProjectSection
EndProject
Global
	GlobalSection(SolutionConfigurationPlatforms) = preSolution
		Debug|Any CPU = Debug|Any CPU
		Release|Any CPU = Release|Any CPU
	EndGlobalSection
	GlobalSection(ProjectConfigurationPlatforms) = postSolution
		{DD096D49-3C66-4955-9377-A0DFC5792836}.Debug|Any CPU.ActiveCfg = Debug|Any CPU
		{DD096D49-3C66-4955-9377-A0DFC5792836}.Debug|Any CPU.Build.0 = Debug|Any CPU
		{DD096D49-3C66-4955-9377-A0DFC5792836}.Release|Any CPU.ActiveCfg = Release|Any CPU
		{DD096D49-3C66-4955-9377-A0DFC5792836}.Release|Any CPU.Build.0 = Release|Any CPU
		{C69EC191-5733-4A27-9A45-677BF9D4AA5A}.Debug|Any CPU.ActiveCfg = Debug|Any CPU
		{C69EC191-5733-4A27-9A45-677BF9D4AA5A}.Debug|Any CPU.Build.0 = Debug|Any CPU
		{C69EC191-5733-4A27-9A45-677BF9D4AA5A}.Release|Any CPU.ActiveCfg = Release|Any CPU
		{C69EC191-5733-4A27-9A45-677BF9D4AA5A}.Release|Any CPU.Build.0 = Release|Any CPU
		{B1C371B7-1D00-4237-999B-E6C14492C2FB}.Debug|Any CPU.ActiveCfg = Debug|Any CPU
		{B1C371B7-1D00-4237-999B-E6C14492C2FB}.Debug|Any CPU.Build.0 = Debug|Any CPU
		{B1C371B7-1D00-4237-999B-E6C14492C2FB}.Release|Any CPU.ActiveCfg = Release|Any CPU
		{B1C371B7-1D00-4237-999B-E6C14492C2FB}.Release|Any CPU.Build.0 = Release|Any CPU
	EndGlobalSection
	GlobalSection(SolutionProperties) = preSolution
		HideSolutionNode = FALSE
	EndGlobalSection
	GlobalSection(ExtensibilityGlobals) = postSolution
		SolutionGuid = {4078E057-12BF-4658-9C6B-A4E9C2004634}
	EndGlobalSection
EndGlobal
